
Microsoft Visual Studio Solution File, Format Version 12.00
# Visual Studio Version 16
VisualStudioVersion = 16.0.29806.167
MinimumVisualStudioVersion = 10.0.40219.1
Project("{FAE04EC0-301F-11D3-BF4B-00C04F79EFBC}") = "SchoolDisplay", "SchoolDisplay\SchoolDisplay.csproj", "{1CBE6413-9C75-4318-9EDA-1B14873E2FB3}"
EndProject
Project("{FAE04EC0-301F-11D3-BF4B-00C04F79EFBC}") = "SchoolDisplayTests", "SchoolDisplayTests\SchoolDisplayTests.csproj", "{993A4D76-7302-499D-9627-7E5BB456EF0E}"
EndProject
Global
	GlobalSection(SolutionConfigurationPlatforms) = preSolution
		Debug|Any CPU = Debug|Any CPU
		Release|Any CPU = Release|Any CPU
	EndGlobalSection
	GlobalSection(ProjectConfigurationPlatforms) = postSolution
		{1CBE6413-9C75-4318-9EDA-1B14873E2FB3}.Debug|Any CPU.ActiveCfg = Debug|Any CPU
		{1CBE6413-9C75-4318-9EDA-1B14873E2FB3}.Debug|Any CPU.Build.0 = Debug|Any CPU
		{1CBE6413-9C75-4318-9EDA-1B14873E2FB3}.Release|Any CPU.ActiveCfg = Release|Any CPU
		{1CBE6413-9C75-4318-9EDA-1B14873E2FB3}.Release|Any CPU.Build.0 = Release|Any CPU
		{993A4D76-7302-499D-9627-7E5BB456EF0E}.Debug|Any CPU.ActiveCfg = Debug|Any CPU
		{993A4D76-7302-499D-9627-7E5BB456EF0E}.Debug|Any CPU.Build.0 = Debug|Any CPU
		{993A4D76-7302-499D-9627-7E5BB456EF0E}.Release|Any CPU.ActiveCfg = Release|Any CPU
		{993A4D76-7302-499D-9627-7E5BB456EF0E}.Release|Any CPU.Build.0 = Release|Any CPU
	EndGlobalSection
	GlobalSection(SolutionProperties) = preSolution
		HideSolutionNode = FALSE
	EndGlobalSection
	GlobalSection(ExtensibilityGlobals) = postSolution
		SolutionGuid = {EC503A88-1A08-4EB9-9143-EA258CADB271}
	EndGlobalSection
EndGlobal
